
Microsoft Visual Studio Solution File, Format Version 12.00
# Visual Studio Version 16
VisualStudioVersion = 16.0.30503.244
MinimumVisualStudioVersion = 10.0.40219.1
Project("{FAE04EC0-301F-11D3-BF4B-00C04F79EFBC}") = "SEDC.FoodApp.Web", "SEDC.FoodApp.Web\SEDC.FoodApp.Web.csproj", "{DDAF60EE-E44A-493F-895B-D1505B724680}"
EndProject
Project("{FAE04EC0-301F-11D3-BF4B-00C04F79EFBC}") = "SEDC.FoodApp.Models", "SEDC.FoodApp.Models\SEDC.FoodApp.Models.csproj", "{10AD28DB-932A-4489-BE38-A41B1CFF49E0}"
EndProject
Project("{FAE04EC0-301F-11D3-BF4B-00C04F79EFBC}") = "SEDC.FoodApp.Services", "SEDC.FoodApp.Services\SEDC.FoodApp.Services.csproj", "{B0B56BF1-74D7-4150-AC60-9AC782DF3752}"
EndProject
Project("{FAE04EC0-301F-11D3-BF4B-00C04F79EFBC}") = "SEDC.FoodApp.DataAccess", "SEDC.FoodApp.DataAccess\SEDC.FoodApp.DataAccess.csproj", "{C2646190-FBA2-40E4-854C-EBF67D4E7C4D}"
EndProject
Global
	GlobalSection(SolutionConfigurationPlatforms) = preSolution
		Debug|Any CPU = Debug|Any CPU
		Release|Any CPU = Release|Any CPU
	EndGlobalSection
	GlobalSection(ProjectConfigurationPlatforms) = postSolution
		{DDAF60EE-E44A-493F-895B-D1505B724680}.Debug|Any CPU.ActiveCfg = Debug|Any CPU
		{DDAF60EE-E44A-493F-895B-D1505B724680}.Debug|Any CPU.Build.0 = Debug|Any CPU
		{DDAF60EE-E44A-493F-895B-D1505B724680}.Release|Any CPU.ActiveCfg = Release|Any CPU
		{DDAF60EE-E44A-493F-895B-D1505B724680}.Release|Any CPU.Build.0 = Release|Any CPU
		{10AD28DB-932A-4489-BE38-A41B1CFF49E0}.Debug|Any CPU.ActiveCfg = Debug|Any CPU
		{10AD28DB-932A-4489-BE38-A41B1CFF49E0}.Debug|Any CPU.Build.0 = Debug|Any CPU
		{10AD28DB-932A-4489-BE38-A41B1CFF49E0}.Release|Any CPU.ActiveCfg = Release|Any CPU
		{10AD28DB-932A-4489-BE38-A41B1CFF49E0}.Release|Any CPU.Build.0 = Release|Any CPU
		{B0B56BF1-74D7-4150-AC60-9AC782DF3752}.Debug|Any CPU.ActiveCfg = Debug|Any CPU
		{B0B56BF1-74D7-4150-AC60-9AC782DF3752}.Debug|Any CPU.Build.0 = Debug|Any CPU
		{B0B56BF1-74D7-4150-AC60-9AC782DF3752}.Release|Any CPU.ActiveCfg = Release|Any CPU
		{B0B56BF1-74D7-4150-AC60-9AC782DF3752}.Release|Any CPU.Build.0 = Release|Any CPU
		{C2646190-FBA2-40E4-854C-EBF67D4E7C4D}.Debug|Any CPU.ActiveCfg = Debug|Any CPU
		{C2646190-FBA2-40E4-854C-EBF67D4E7C4D}.Debug|Any CPU.Build.0 = Debug|Any CPU
		{C2646190-FBA2-40E4-854C-EBF67D4E7C4D}.Release|Any CPU.ActiveCfg = Release|Any CPU
		{C2646190-FBA2-40E4-854C-EBF67D4E7C4D}.Release|Any CPU.Build.0 = Release|Any CPU
	EndGlobalSection
	GlobalSection(SolutionProperties) = preSolution
		HideSolutionNode = FALSE
	EndGlobalSection
	GlobalSection(ExtensibilityGlobals) = postSolution
		SolutionGuid = {4FF4018C-A528-41F7-AD06-8C12BBE9BDEF}
	EndGlobalSection
EndGlobal
